
Microsoft Visual Studio Solution File, Format Version 12.00
# Visual Studio Version 17
VisualStudioVersion = 17.11.35327.3
MinimumVisualStudioVersion = 10.0.40219.1
Project("{2150E333-8FDC-42A3-9474-1A3956D46DE8}") = "Task0", "Task0", "{E5481CFC-734F-4AA5-8B94-5A0D281DC9A8}"
EndProject
Project("{2150E333-8FDC-42A3-9474-1A3956D46DE8}") = "Task1", "Task1", "{A405F80B-082E-4AA7-85AE-87442C12FA9C}"
EndProject
Project("{2150E333-8FDC-42A3-9474-1A3956D46DE8}") = "Task2", "Task2", "{0BAD1012-66E5-4989-9D70-C6558A0BABF9}"
EndProject
Project("{2150E333-8FDC-42A3-9474-1A3956D46DE8}") = "Task3", "Task3", "{E0E69E1C-728D-4DAE-9CB7-1A04CDB03706}"
EndProject
Project("{2150E333-8FDC-42A3-9474-1A3956D46DE8}") = "Task4", "Task4", "{AF52D637-CF7C-4ACB-9D24-D14CCB30A8D8}"
EndProject
Project("{2150E333-8FDC-42A3-9474-1A3956D46DE8}") = "Task5", "Task5", "{79F774D1-5B08-4B67-9235-03017C2AA631}"
EndProject
Project("{2150E333-8FDC-42A3-9474-1A3956D46DE8}") = "Task6", "Task6", "{79FF7E15-A7EB-42A8-B45A-4EA63D82B8C6}"
EndProject
Project("{2150E333-8FDC-42A3-9474-1A3956D46DE8}") = "Task7", "Task7", "{C36D687D-D70B-42B5-9B07-9D3E8EA6E4BC}"
EndProject
Project("{FAE04EC0-301F-11D3-BF4B-00C04F79EFBC}") = "Tyuiu.ShanginAA.Sprint5.Task0.V19", "Tyuiu.ShanginAA.Sprint5.Task0.V19\Tyuiu.ShanginAA.Sprint5.Task0.V19.csproj", "{5505A5BD-EF2D-4576-ACE2-B766D98343F5}"
EndProject
Project("{FAE04EC0-301F-11D3-BF4B-00C04F79EFBC}") = "Tyuiu.ShanginAA.Sprint5.Task0.V19.Lib", "Tyuiu.ShanginAA.Sprint5.Task0.V19.Lib\Tyuiu.ShanginAA.Sprint5.Task0.V19.Lib.csproj", "{FA910B9C-3B22-4B19-8A46-CF1F8A4412C6}"
EndProject
Project("{FAE04EC0-301F-11D3-BF4B-00C04F79EFBC}") = "Tyuiu.ShanginAA.Sprint5.Task0.V19.Test", "Tyuiu.ShanginAA.Sprint5.Task0.V19.Test\Tyuiu.ShanginAA.Sprint5.Task0.V19.Test.csproj", "{8E23A163-307D-427C-9AB5-DE059168F23F}"
EndProject
Project("{FAE04EC0-301F-11D3-BF4B-00C04F79EFBC}") = "Tyuiu.ShanginAA.Sprint5.Task1.V25", "Tyuiu.ShanginAA.Sprint5.Task1.V25\Tyuiu.ShanginAA.Sprint5.Task1.V25.csproj", "{E6105041-296A-496A-A111-184C3334F72C}"
EndProject
Project("{FAE04EC0-301F-11D3-BF4B-00C04F79EFBC}") = "Tyuiu.ShanginAA.Sprint5.Task1.V25.Lib", "Tyuiu.ShanginAA.Sprint5.Task1.V25.Lib\Tyuiu.ShanginAA.Sprint5.Task1.V25.Lib.csproj", "{FF4E0407-D76B-42F3-842C-79CB761282AC}"
EndProject
Project("{FAE04EC0-301F-11D3-BF4B-00C04F79EFBC}") = "Tyuiu.ShanginAA.Sprint5.Task1.V25.Test", "Tyuiu.ShanginAA.Sprint5.Task1.V25.Test\Tyuiu.ShanginAA.Sprint5.Task1.V25.Test.csproj", "{A87513D5-BAC7-4C87-AC40-40855CBBD621}"
EndProject
Project("{FAE04EC0-301F-11D3-BF4B-00C04F79EFBC}") = "Tyuiu.ShanginAA.Sprint5.Task2.V20", "Tyuiu.ShanginAA.Sprint5.Task2.V20\Tyuiu.ShanginAA.Sprint5.Task2.V20.csproj", "{B88AF044-7CED-435F-826E-CEDB430E2364}"
EndProject
Project("{FAE04EC0-301F-11D3-BF4B-00C04F79EFBC}") = "Tyuiu.ShanginAA.Sprint5.Task2.V20.Lib", "Tyuiu.ShanginAA.Sprint5.Task2.V20.Lib\Tyuiu.ShanginAA.Sprint5.Task2.V20.Lib.csproj", "{5F04C427-AC17-4A65-A22E-E97D14008793}"
EndProject
Project("{FAE04EC0-301F-11D3-BF4B-00C04F79EFBC}") = "Tyuiu.ShanginAA.Sprint5.Task2.V20.Test", "Tyuiu.ShanginAA.Sprint5.Task2.V20.Test\Tyuiu.ShanginAA.Sprint5.Task2.V20.Test.csproj", "{5E419D7F-B69E-4C11-B052-5FDDA0A26877}"
EndProject
Project("{FAE04EC0-301F-11D3-BF4B-00C04F79EFBC}") = "Tyuiu.ShanginAA.Sprint5.Task3.V6", "Tyuiu.ShanginAA.Sprint5.Task3.V6\Tyuiu.ShanginAA.Sprint5.Task3.V6.csproj", "{D33F2D57-87DB-4D97-A001-5062ECB70E91}"
EndProject
Project("{FAE04EC0-301F-11D3-BF4B-00C04F79EFBC}") = "Tyuiu.ShanginAA.Sprint5.Task3.V6.Lib", "Tyuiu.ShanginAA.Sprint5.Task3.V6.Lib\Tyuiu.ShanginAA.Sprint5.Task3.V6.Lib.csproj", "{98FB37B3-F371-4169-A493-C5777493C2AA}"
EndProject
Project("{FAE04EC0-301F-11D3-BF4B-00C04F79EFBC}") = "Tyuiu.ShanginAA.Sprint5.Task3.V6.Test", "Tyuiu.ShanginAA.Sprint5.Task3.V6.Test\Tyuiu.ShanginAA.Sprint5.Task3.V6.Test.csproj", "{0B63DE94-4F7D-48D2-B558-6E62FC48D650}"
EndProject
Project("{FAE04EC0-301F-11D3-BF4B-00C04F79EFBC}") = "Tyuiu.ShanginAA.Sprint5.Task4.V8", "Tyuiu.ShanginAA.Sprint5.Task4.V8\Tyuiu.ShanginAA.Sprint5.Task4.V8.csproj", "{6C2954B9-C906-43D5-AB3B-69D6105A5152}"
EndProject
Project("{FAE04EC0-301F-11D3-BF4B-00C04F79EFBC}") = "Tyuiu.ShanginAA.Sprint5.Task4.V8.Lib", "Tyuiu.ShanginAA.Sprint5.Task4.V8.Lib\Tyuiu.ShanginAA.Sprint5.Task4.V8.Lib.csproj", "{4E9ECEAE-D9E6-4FC2-B304-A4CDCA1A362C}"
EndProject
Project("{FAE04EC0-301F-11D3-BF4B-00C04F79EFBC}") = "Tyuiu.ShanginAA.Sprint5.Task4.V8.Test", "Tyuiu.ShanginAA.Sprint5.Task4.V8.Test\Tyuiu.ShanginAA.Sprint5.Task4.V8.Test.csproj", "{885CE984-002E-4AB1-8BAF-4E4CF0984C04}"
EndProject
Project("{FAE04EC0-301F-11D3-BF4B-00C04F79EFBC}") = "Tyuiu.ShanginAA.Sprint5.Task5.V25", "Tyuiu.ShanginAA.Sprint5.Task5.V25\Tyuiu.ShanginAA.Sprint5.Task5.V25.csproj", "{7505234F-463A-423A-910C-856414C2476E}"
EndProject
Project("{FAE04EC0-301F-11D3-BF4B-00C04F79EFBC}") = "Tyuiu.ShanginAA.Sprint5.Task5.V25.Lib", "Tyuiu.ShanginAA.Sprint5.Task5.V25.Lib\Tyuiu.ShanginAA.Sprint5.Task5.V25.Lib.csproj", "{D9814AC0-BE0F-446B-A627-CEFC1DFC2E8F}"
EndProject
Project("{FAE04EC0-301F-11D3-BF4B-00C04F79EFBC}") = "Tyuiu.ShanginAA.Sprint5.Task5.V25.Test", "Tyuiu.ShanginAA.Sprint5.Task5.V25.Test\Tyuiu.ShanginAA.Sprint5.Task5.V25.Test.csproj", "{8168E7C2-DEBB-43B0-9527-F8B9C61D4B92}"
EndProject
Project("{FAE04EC0-301F-11D3-BF4B-00C04F79EFBC}") = "Tyuiu.ShanginAA.Sprint5.Task6.V14", "Tyuiu.ShanginAA.Sprint5.Task6.V14\Tyuiu.ShanginAA.Sprint5.Task6.V14.csproj", "{458444A9-C46E-4ABB-BAE4-57B9CDB1CD12}"
EndProject
Project("{FAE04EC0-301F-11D3-BF4B-00C04F79EFBC}") = "Tyuiu.ShanginAA.Sprint5.Task6.V14.Lib", "Tyuiu.ShanginAA.Sprint5.Task6.V14.Lib\Tyuiu.ShanginAA.Sprint5.Task6.V14.Lib.csproj", "{F3248167-415D-4DAF-8336-4886BB9FC522}"
EndProject
Project("{FAE04EC0-301F-11D3-BF4B-00C04F79EFBC}") = "Tyuiu.ShanginAA.Sprint5.Task6.V14.Test", "Tyuiu.ShanginAA.Sprint5.Task6.V14.Test\Tyuiu.ShanginAA.Sprint5.Task6.V14.Test.csproj", "{2F67A658-4DE9-41F8-9BCB-7D4F5F0AC1AF}"
EndProject
Project("{FAE04EC0-301F-11D3-BF4B-00C04F79EFBC}") = "Tyuiu.ShanginAA.Sprint5.Task7.V24", "Tyuiu.ShanginAA.Sprint5.Task7.V24\Tyuiu.ShanginAA.Sprint5.Task7.V24.csproj", "{5FB301D7-C5C0-431A-8C50-CCFBDFCB8733}"
EndProject
Project("{FAE04EC0-301F-11D3-BF4B-00C04F79EFBC}") = "Tyuiu.ShanginAA.Sprint5.Task7.V24.Lib", "Tyuiu.ShanginAA.Sprint5.Task7.V24.Lib\Tyuiu.ShanginAA.Sprint5.Task7.V24.Lib.csproj", "{67A69AB5-4C5E-4FB4-9416-AE1334D105D7}"
EndProject
Project("{FAE04EC0-301F-11D3-BF4B-00C04F79EFBC}") = "Tyuiu.ShanginAA.Sprint5.Task7.V24.Test", "Tyuiu.ShanginAA.Sprint5.Task7.V24.Test\Tyuiu.ShanginAA.Sprint5.Task7.V24.Test.csproj", "{7619C06B-8676-4CE3-8186-1EAAC221ED10}"
EndProject
Global
	GlobalSection(SolutionConfigurationPlatforms) = preSolution
		Debug|Any CPU = Debug|Any CPU
		Release|Any CPU = Release|Any CPU
	EndGlobalSection
	GlobalSection(ProjectConfigurationPlatforms) = postSolution
		{5505A5BD-EF2D-4576-ACE2-B766D98343F5}.Debug|Any CPU.ActiveCfg = Debug|Any CPU
		{5505A5BD-EF2D-4576-ACE2-B766D98343F5}.Debug|Any CPU.Build.0 = Debug|Any CPU
		{5505A5BD-EF2D-4576-ACE2-B766D98343F5}.Release|Any CPU.ActiveCfg = Release|Any CPU
		{5505A5BD-EF2D-4576-ACE2-B766D98343F5}.Release|Any CPU.Build.0 = Release|Any CPU
		{FA910B9C-3B22-4B19-8A46-CF1F8A4412C6}.Debug|Any CPU.ActiveCfg = Debug|Any CPU
		{FA910B9C-3B22-4B19-8A46-CF1F8A4412C6}.Debug|Any CPU.Build.0 = Debug|Any CPU
		{FA910B9C-3B22-4B19-8A46-CF1F8A4412C6}.Release|Any CPU.ActiveCfg = Release|Any CPU
		{FA910B9C-3B22-4B19-8A46-CF1F8A4412C6}.Release|Any CPU.Build.0 = Release|Any CPU
		{8E23A163-307D-427C-9AB5-DE059168F23F}.Debug|Any CPU.ActiveCfg = Debug|Any CPU
		{8E23A163-307D-427C-9AB5-DE059168F23F}.Debug|Any CPU.Build.0 = Debug|Any CPU
		{8E23A163-307D-427C-9AB5-DE059168F23F}.Release|Any CPU.ActiveCfg = Release|Any CPU
		{8E23A163-307D-427C-9AB5-DE059168F23F}.Release|Any CPU.Build.0 = Release|Any CPU
		{E6105041-296A-496A-A111-184C3334F72C}.Debug|Any CPU.ActiveCfg = Debug|Any CPU
		{E6105041-296A-496A-A111-184C3334F72C}.Debug|Any CPU.Build.0 = Debug|Any CPU
		{E6105041-296A-496A-A111-184C3334F72C}.Release|Any CPU.ActiveCfg = Release|Any CPU
		{E6105041-296A-496A-A111-184C3334F72C}.Release|Any CPU.Build.0 = Release|Any CPU
		{FF4E0407-D76B-42F3-842C-79CB761282AC}.Debug|Any CPU.ActiveCfg = Debug|Any CPU
		{FF4E0407-D76B-42F3-842C-79CB761282AC}.Debug|Any CPU.Build.0 = Debug|Any CPU
		{FF4E0407-D76B-42F3-842C-79CB761282AC}.Release|Any CPU.ActiveCfg = Release|Any CPU
		{FF4E0407-D76B-42F3-842C-79CB761282AC}.Release|Any CPU.Build.0 = Release|Any CPU
		{A87513D5-BAC7-4C87-AC40-40855CBBD621}.Debug|Any CPU.ActiveCfg = Debug|Any CPU
		{A87513D5-BAC7-4C87-AC40-40855CBBD621}.Debug|Any CPU.Build.0 = Debug|Any CPU
		{A87513D5-BAC7-4C87-AC40-40855CBBD621}.Release|Any CPU.ActiveCfg = Release|Any CPU
		{A87513D5-BAC7-4C87-AC40-40855CBBD621}.Release|Any CPU.Build.0 = Release|Any CPU
		{B88AF044-7CED-435F-826E-CEDB430E2364}.Debug|Any CPU.ActiveCfg = Debug|Any CPU
		{B88AF044-7CED-435F-826E-CEDB430E2364}.Debug|Any CPU.Build.0 = Debug|Any CPU
		{B88AF044-7CED-435F-826E-CEDB430E2364}.Release|Any CPU.ActiveCfg = Release|Any CPU
		{B88AF044-7CED-435F-826E-CEDB430E2364}.Release|Any CPU.Build.0 = Release|Any CPU
		{5F04C427-AC17-4A65-A22E-E97D14008793}.Debug|Any CPU.ActiveCfg = Debug|Any CPU
		{5F04C427-AC17-4A65-A22E-E97D14008793}.Debug|Any CPU.Build.0 = Debug|Any CPU
		{5F04C427-AC17-4A65-A22E-E97D14008793}.Release|Any CPU.ActiveCfg = Release|Any CPU
		{5F04C427-AC17-4A65-A22E-E97D14008793}.Release|Any CPU.Build.0 = Release|Any CPU
		{5E419D7F-B69E-4C11-B052-5FDDA0A26877}.Debug|Any CPU.ActiveCfg = Debug|Any CPU
		{5E419D7F-B69E-4C11-B052-5FDDA0A26877}.Debug|Any CPU.Build.0 = Debug|Any CPU
		{5E419D7F-B69E-4C11-B052-5FDDA0A26877}.Release|Any CPU.ActiveCfg = Release|Any CPU
		{5E419D7F-B69E-4C11-B052-5FDDA0A26877}.Release|Any CPU.Build.0 = Release|Any CPU
		{D33F2D57-87DB-4D97-A001-5062ECB70E91}.Debug|Any CPU.ActiveCfg = Debug|Any CPU
		{D33F2D57-87DB-4D97-A001-5062ECB70E91}.Debug|Any CPU.Build.0 = Debug|Any CPU
		{D33F2D57-87DB-4D97-A001-5062ECB70E91}.Release|Any CPU.ActiveCfg = Release|Any CPU
		{D33F2D57-87DB-4D97-A001-5062ECB70E91}.Release|Any CPU.Build.0 = Release|Any CPU
		{98FB37B3-F371-4169-A493-C5777493C2AA}.Debug|Any CPU.ActiveCfg = Debug|Any CPU
		{98FB37B3-F371-4169-A493-C5777493C2AA}.Debug|Any CPU.Build.0 = Debug|Any CPU
		{98FB37B3-F371-4169-A493-C5777493C2AA}.Release|Any CPU.ActiveCfg = Release|Any CPU
		{98FB37B3-F371-4169-A493-C5777493C2AA}.Release|Any CPU.Build.0 = Release|Any CPU
		{0B63DE94-4F7D-48D2-B558-6E62FC48D650}.Debug|Any CPU.ActiveCfg = Debug|Any CPU
		{0B63DE94-4F7D-48D2-B558-6E62FC48D650}.Debug|Any CPU.Build.0 = Debug|Any CPU
		{0B63DE94-4F7D-48D2-B558-6E62FC48D650}.Release|Any CPU.ActiveCfg = Release|Any CPU
		{0B63DE94-4F7D-48D2-B558-6E62FC48D650}.Release|Any CPU.Build.0 = Release|Any CPU
		{6C2954B9-C906-43D5-AB3B-69D6105A5152}.Debug|Any CPU.ActiveCfg = Debug|Any CPU
		{6C2954B9-C906-43D5-AB3B-69D6105A5152}.Debug|Any CPU.Build.0 = Debug|Any CPU
		{6C2954B9-C906-43D5-AB3B-69D6105A5152}.Release|Any CPU.ActiveCfg = Release|Any CPU
		{6C2954B9-C906-43D5-AB3B-69D6105A5152}.Release|Any CPU.Build.0 = Release|Any CPU
		{4E9ECEAE-D9E6-4FC2-B304-A4CDCA1A362C}.Debug|Any CPU.ActiveCfg = Debug|Any CPU
		{4E9ECEAE-D9E6-4FC2-B304-A4CDCA1A362C}.Debug|Any CPU.Build.0 = Debug|Any CPU
		{4E9ECEAE-D9E6-4FC2-B304-A4CDCA1A362C}.Release|Any CPU.ActiveCfg = Release|Any CPU
		{4E9ECEAE-D9E6-4FC2-B304-A4CDCA1A362C}.Release|Any CPU.Build.0 = Release|Any CPU
		{885CE984-002E-4AB1-8BAF-4E4CF0984C04}.Debug|Any CPU.ActiveCfg = Debug|Any CPU
		{885CE984-002E-4AB1-8BAF-4E4CF0984C04}.Debug|Any CPU.Build.0 = Debug|Any CPU
		{885CE984-002E-4AB1-8BAF-4E4CF0984C04}.Release|Any CPU.ActiveCfg = Release|Any CPU
		{885CE984-002E-4AB1-8BAF-4E4CF0984C04}.Release|Any CPU.Build.0 = Release|Any CPU
		{7505234F-463A-423A-910C-856414C2476E}.Debug|Any CPU.ActiveCfg = Debug|Any CPU
		{7505234F-463A-423A-910C-856414C2476E}.Debug|Any CPU.Build.0 = Debug|Any CPU
		{7505234F-463A-423A-910C-856414C2476E}.Release|Any CPU.ActiveCfg = Release|Any CPU
		{7505234F-463A-423A-910C-856414C2476E}.Release|Any CPU.Build.0 = Release|Any CPU
		{D9814AC0-BE0F-446B-A627-CEFC1DFC2E8F}.Debug|Any CPU.ActiveCfg = Debug|Any CPU
		{D9814AC0-BE0F-446B-A627-CEFC1DFC2E8F}.Debug|Any CPU.Build.0 = Debug|Any CPU
		{D9814AC0-BE0F-446B-A627-CEFC1DFC2E8F}.Release|Any CPU.ActiveCfg = Release|Any CPU
		{D9814AC0-BE0F-446B-A627-CEFC1DFC2E8F}.Release|Any CPU.Build.0 = Release|Any CPU
		{8168E7C2-DEBB-43B0-9527-F8B9C61D4B92}.Debug|Any CPU.ActiveCfg = Debug|Any CPU
		{8168E7C2-DEBB-43B0-9527-F8B9C61D4B92}.Debug|Any CPU.Build.0 = Debug|Any CPU
		{8168E7C2-DEBB-43B0-9527-F8B9C61D4B92}.Release|Any CPU.ActiveCfg = Release|Any CPU
		{8168E7C2-DEBB-43B0-9527-F8B9C61D4B92}.Release|Any CPU.Build.0 = Release|Any CPU
		{458444A9-C46E-4ABB-BAE4-57B9CDB1CD12}.Debug|Any CPU.ActiveCfg = Debug|Any CPU
		{458444A9-C46E-4ABB-BAE4-57B9CDB1CD12}.Debug|Any CPU.Build.0 = Debug|Any CPU
		{458444A9-C46E-4ABB-BAE4-57B9CDB1CD12}.Release|Any CPU.ActiveCfg = Release|Any CPU
		{458444A9-C46E-4ABB-BAE4-57B9CDB1CD12}.Release|Any CPU.Build.0 = Release|Any CPU
		{F3248167-415D-4DAF-8336-4886BB9FC522}.Debug|Any CPU.ActiveCfg = Debug|Any CPU
		{F3248167-415D-4DAF-8336-4886BB9FC522}.Debug|Any CPU.Build.0 = Debug|Any CPU
		{F3248167-415D-4DAF-8336-4886BB9FC522}.Release|Any CPU.ActiveCfg = Release|Any CPU
		{F3248167-415D-4DAF-8336-4886BB9FC522}.Release|Any CPU.Build.0 = Release|Any CPU
		{2F67A658-4DE9-41F8-9BCB-7D4F5F0AC1AF}.Debug|Any CPU.ActiveCfg = Debug|Any CPU
		{2F67A658-4DE9-41F8-9BCB-7D4F5F0AC1AF}.Debug|Any CPU.Build.0 = Debug|Any CPU
		{2F67A658-4DE9-41F8-9BCB-7D4F5F0AC1AF}.Release|Any CPU.ActiveCfg = Release|Any CPU
		{2F67A658-4DE9-41F8-9BCB-7D4F5F0AC1AF}.Release|Any CPU.Build.0 = Release|Any CPU
		{5FB301D7-C5C0-431A-8C50-CCFBDFCB8733}.Debug|Any CPU.ActiveCfg = Debug|Any CPU
		{5FB301D7-C5C0-431A-8C50-CCFBDFCB8733}.Debug|Any CPU.Build.0 = Debug|Any CPU
		{5FB301D7-C5C0-431A-8C50-CCFBDFCB8733}.Release|Any CPU.ActiveCfg = Release|Any CPU
		{5FB301D7-C5C0-431A-8C50-CCFBDFCB8733}.Release|Any CPU.Build.0 = Release|Any CPU
		{67A69AB5-4C5E-4FB4-9416-AE1334D105D7}.Debug|Any CPU.ActiveCfg = Debug|Any CPU
		{67A69AB5-4C5E-4FB4-9416-AE1334D105D7}.Debug|Any CPU.Build.0 = Debug|Any CPU
		{67A69AB5-4C5E-4FB4-9416-AE1334D105D7}.Release|Any CPU.ActiveCfg = Release|Any CPU
		{67A69AB5-4C5E-4FB4-9416-AE1334D105D7}.Release|Any CPU.Build.0 = Release|Any CPU
		{7619C06B-8676-4CE3-8186-1EAAC221ED10}.Debug|Any CPU.ActiveCfg = Debug|Any CPU
		{7619C06B-8676-4CE3-8186-1EAAC221ED10}.Debug|Any CPU.Build.0 = Debug|Any CPU
		{7619C06B-8676-4CE3-8186-1EAAC221ED10}.Release|Any CPU.ActiveCfg = Release|Any CPU
		{7619C06B-8676-4CE3-8186-1EAAC221ED10}.Release|Any CPU.Build.0 = Release|Any CPU
	EndGlobalSection
	GlobalSection(SolutionProperties) = preSolution
		HideSolutionNode = FALSE
	EndGlobalSection
	GlobalSection(NestedProjects) = preSolution
		{5505A5BD-EF2D-4576-ACE2-B766D98343F5} = {E5481CFC-734F-4AA5-8B94-5A0D281DC9A8}
		{FA910B9C-3B22-4B19-8A46-CF1F8A4412C6} = {E5481CFC-734F-4AA5-8B94-5A0D281DC9A8}
		{8E23A163-307D-427C-9AB5-DE059168F23F} = {E5481CFC-734F-4AA5-8B94-5A0D281DC9A8}
		{E6105041-296A-496A-A111-184C3334F72C} = {A405F80B-082E-4AA7-85AE-87442C12FA9C}
		{FF4E0407-D76B-42F3-842C-79CB761282AC} = {A405F80B-082E-4AA7-85AE-87442C12FA9C}
		{A87513D5-BAC7-4C87-AC40-40855CBBD621} = {A405F80B-082E-4AA7-85AE-87442C12FA9C}
		{B88AF044-7CED-435F-826E-CEDB430E2364} = {0BAD1012-66E5-4989-9D70-C6558A0BABF9}
		{5F04C427-AC17-4A65-A22E-E97D14008793} = {0BAD1012-66E5-4989-9D70-C6558A0BABF9}
		{5E419D7F-B69E-4C11-B052-5FDDA0A26877} = {0BAD1012-66E5-4989-9D70-C6558A0BABF9}
		{D33F2D57-87DB-4D97-A001-5062ECB70E91} = {E0E69E1C-728D-4DAE-9CB7-1A04CDB03706}
		{98FB37B3-F371-4169-A493-C5777493C2AA} = {E0E69E1C-728D-4DAE-9CB7-1A04CDB03706}
		{0B63DE94-4F7D-48D2-B558-6E62FC48D650} = {E0E69E1C-728D-4DAE-9CB7-1A04CDB03706}
		{6C2954B9-C906-43D5-AB3B-69D6105A5152} = {AF52D637-CF7C-4ACB-9D24-D14CCB30A8D8}
		{4E9ECEAE-D9E6-4FC2-B304-A4CDCA1A362C} = {AF52D637-CF7C-4ACB-9D24-D14CCB30A8D8}
		{885CE984-002E-4AB1-8BAF-4E4CF0984C04} = {AF52D637-CF7C-4ACB-9D24-D14CCB30A8D8}
		{7505234F-463A-423A-910C-856414C2476E} = {79F774D1-5B08-4B67-9235-03017C2AA631}
		{D9814AC0-BE0F-446B-A627-CEFC1DFC2E8F} = {79F774D1-5B08-4B67-9235-03017C2AA631}
		{8168E7C2-DEBB-43B0-9527-F8B9C61D4B92} = {79F774D1-5B08-4B67-9235-03017C2AA631}
		{458444A9-C46E-4ABB-BAE4-57B9CDB1CD12} = {79FF7E15-A7EB-42A8-B45A-4EA63D82B8C6}
		{F3248167-415D-4DAF-8336-4886BB9FC522} = {79FF7E15-A7EB-42A8-B45A-4EA63D82B8C6}
		{2F67A658-4DE9-41F8-9BCB-7D4F5F0AC1AF} = {79FF7E15-A7EB-42A8-B45A-4EA63D82B8C6}
		{5FB301D7-C5C0-431A-8C50-CCFBDFCB8733} = {C36D687D-D70B-42B5-9B07-9D3E8EA6E4BC}
		{67A69AB5-4C5E-4FB4-9416-AE1334D105D7} = {C36D687D-D70B-42B5-9B07-9D3E8EA6E4BC}
		{7619C06B-8676-4CE3-8186-1EAAC221ED10} = {C36D687D-D70B-42B5-9B07-9D3E8EA6E4BC}
	EndGlobalSection
	GlobalSection(ExtensibilityGlobals) = postSolution
		SolutionGuid = {6FA93738-DAF2-4070-84CC-3D69AF09D97E}
	EndGlobalSection
EndGlobal
